
Microsoft Visual Studio Solution File, Format Version 12.00
# Visual Studio 15
VisualStudioVersion = 15.0.27428.2011
MinimumVisualStudioVersion = 10.0.40219.1
Project("{9A19103F-16F7-4668-BE54-9A1E7A4F7556}") = "ApartmentManager", "ApartmentManager\ApartmentManager.csproj", "{C8482D75-7A54-4FA1-A3E2-A6EFCCD53321}"
EndProject
Project("{FAE04EC0-301F-11D3-BF4B-00C04F79EFBC}") = "Components", "Components\Components.csproj", "{C6C9E0D7-D48A-4652-A20C-43176C205237}"
EndProject
Global
	GlobalSection(SolutionConfigurationPlatforms) = preSolution
		Debug|Any CPU = Debug|Any CPU
		Release|Any CPU = Release|Any CPU
	EndGlobalSection
	GlobalSection(ProjectConfigurationPlatforms) = postSolution
		{C8482D75-7A54-4FA1-A3E2-A6EFCCD53321}.Debug|Any CPU.ActiveCfg = Debug|Any CPU
		{C8482D75-7A54-4FA1-A3E2-A6EFCCD53321}.Debug|Any CPU.Build.0 = Debug|Any CPU
		{C8482D75-7A54-4FA1-A3E2-A6EFCCD53321}.Release|Any CPU.ActiveCfg = Release|Any CPU
		{C8482D75-7A54-4FA1-A3E2-A6EFCCD53321}.Release|Any CPU.Build.0 = Release|Any CPU
		{C6C9E0D7-D48A-4652-A20C-43176C205237}.Debug|Any CPU.ActiveCfg = Debug|Any CPU
		{C6C9E0D7-D48A-4652-A20C-43176C205237}.Debug|Any CPU.Build.0 = Debug|Any CPU
		{C6C9E0D7-D48A-4652-A20C-43176C205237}.Release|Any CPU.ActiveCfg = Release|Any CPU
		{C6C9E0D7-D48A-4652-A20C-43176C205237}.Release|Any CPU.Build.0 = Release|Any CPU
	EndGlobalSection
	GlobalSection(SolutionProperties) = preSolution
		HideSolutionNode = FALSE
	EndGlobalSection
	GlobalSection(ExtensibilityGlobals) = postSolution
		SolutionGuid = {2B76A9D6-06B9-418F-B893-79441BC3234B}
	EndGlobalSection
EndGlobal
